
Microsoft Visual Studio Solution File, Format Version 12.00
# Visual Studio 14
VisualStudioVersion = 14.0.24720.0
MinimumVisualStudioVersion = 10.0.40219.1
Project("{FAE04EC0-301F-11D3-BF4B-00C04F79EFBC}") = "En.Gen.Crankshaft.Tests", "En.Gen.Crankshaft.Tests\En.Gen.Crankshaft.Tests.csproj", "{0418F27C-252F-421C-ACCA-2FB09C2DE4C6}"
EndProject
Project("{FAE04EC0-301F-11D3-BF4B-00C04F79EFBC}") = "En.Gen.Crankshaft", "En.Gen.Crankshaft\En.Gen.Crankshaft.csproj", "{875B6326-093C-429C-B993-8692A3CF6AFE}"
EndProject
Global
	GlobalSection(SolutionConfigurationPlatforms) = preSolution
		Debug|Any CPU = Debug|Any CPU
		Release|Any CPU = Release|Any CPU
	EndGlobalSection
	GlobalSection(ProjectConfigurationPlatforms) = postSolution
		{0418F27C-252F-421C-ACCA-2FB09C2DE4C6}.Debug|Any CPU.ActiveCfg = Debug|Any CPU
		{0418F27C-252F-421C-ACCA-2FB09C2DE4C6}.Debug|Any CPU.Build.0 = Debug|Any CPU
		{0418F27C-252F-421C-ACCA-2FB09C2DE4C6}.Release|Any CPU.ActiveCfg = Release|Any CPU
		{0418F27C-252F-421C-ACCA-2FB09C2DE4C6}.Release|Any CPU.Build.0 = Release|Any CPU
		{875B6326-093C-429C-B993-8692A3CF6AFE}.Debug|Any CPU.ActiveCfg = Debug|Any CPU
		{875B6326-093C-429C-B993-8692A3CF6AFE}.Debug|Any CPU.Build.0 = Debug|Any CPU
		{875B6326-093C-429C-B993-8692A3CF6AFE}.Release|Any CPU.ActiveCfg = Release|Any CPU
		{875B6326-093C-429C-B993-8692A3CF6AFE}.Release|Any CPU.Build.0 = Release|Any CPU
	EndGlobalSection
	GlobalSection(SolutionProperties) = preSolution
		HideSolutionNode = FALSE
	EndGlobalSection
EndGlobal
